
Microsoft Visual Studio Solution File, Format Version 12.00
# Visual Studio 15
VisualStudioVersion = 15.0.28010.2048
MinimumVisualStudioVersion = 10.0.40219.1
Project("{FAE04EC0-301F-11D3-BF4B-00C04F79EFBC}") = "Car", "Car\Car.csproj", "{9C78C642-0112-414E-9F92-906F294B97DB}"
EndProject
Global
	GlobalSection(SolutionConfigurationPlatforms) = preSolution
		Debug|Any CPU = Debug|Any CPU
		Release|Any CPU = Release|Any CPU
	EndGlobalSection
	GlobalSection(ProjectConfigurationPlatforms) = postSolution
		{9C78C642-0112-414E-9F92-906F294B97DB}.Debug|Any CPU.ActiveCfg = Debug|Any CPU
		{9C78C642-0112-414E-9F92-906F294B97DB}.Debug|Any CPU.Build.0 = Debug|Any CPU
		{9C78C642-0112-414E-9F92-906F294B97DB}.Release|Any CPU.ActiveCfg = Release|Any CPU
		{9C78C642-0112-414E-9F92-906F294B97DB}.Release|Any CPU.Build.0 = Release|Any CPU
	EndGlobalSection
	GlobalSection(SolutionProperties) = preSolution
		HideSolutionNode = FALSE
	EndGlobalSection
	GlobalSection(ExtensibilityGlobals) = postSolution
		SolutionGuid = {3648569E-6CBD-4982-BDD4-F93D6A2987C4}
	EndGlobalSection
EndGlobal
